PODS:
  - LGHelper (1.0.3):
    - Reachability (~> 3.2)
  - LGViews (1.0.0):
    - LGViews/LGButton (= 1.0.0)
    - LGViews/LGLabel (= 1.0.0)
    - LGViews/LGTextField (= 1.0.0)
    - LGViews/LGTextView (= 1.0.0)
  - LGViews/LGButton (1.0.0)
  - LGViews/LGLabel (1.0.0)
  - LGViews/LGTextField (1.0.0)
  - LGViews/LGTextView (1.0.0)
  - Reachability (3.2)

DEPENDENCIES:
  - LGHelper (~> 1.0.0)
  - LGViews (from `../`)

EXTERNAL SOURCES:
  LGViews:
    :path: ../

SPEC CHECKSUMS:
  LGHelper: e06102c586e76b1535d7660374b5593d07f57400
  LGViews: ff650166ae05bf429bf23b9d8b00655c663a21fb
  Reachability: 33e18b67625424e47b6cde6d202dce689ad7af96

COCOAPODS: 0.39.0
