// !$*UTF8*$!
{
	archiveVersion = 1;
	classes = {
	};
	objectVersion = 46;
	objects = {

/* Begin PBXBuildFile section */
		4A2C417B1BF4B59900D071CD /* LGRadioButton.m in Sources */ = {isa = PBXBuildFile; fileRef = 4A2C417A1BF4B59900D071CD /* LGRadioButton.m */; };
		4A3AAE901AB48A47009B324D /* TableViewController.m in Sources */ = {isa = PBXBuildFile; fileRef = 4A3AAE8F1AB48A47009B324D /* TableViewController.m */; };
		4A3AAE941AB48AF8009B324D /* ButtonViewController.m in Sources */ = {isa = PBXBuildFile; fileRef = 4A3AAE931AB48AF8009B324D /* ButtonViewController.m */; };
		4A3AAE971AB48B08009B324D /* LabelViewController.m in Sources */ = {isa = PBXBuildFile; fileRef = 4A3AAE961AB48B08009B324D /* LabelViewController.m */; };
		4A563E001AB59A16008AF4CF /* TextFieldViewController.m in Sources */ = {isa = PBXBuildFile; fileRef = 4A563DFF1AB59A16008AF4CF /* TextFieldViewController.m */; };
		4A7091D21AC1AEA000285594 /* TextViewViewController.m in Sources */ = {isa = PBXBuildFile; fileRef = 4A7091D11AC1AEA000285594 /* TextViewViewController.m */; };
		4AD364AF1AAF5FD900EE6F1A /* main.m in Sources */ = {isa = PBXBuildFile; fileRef = 4AD364AE1AAF5FD900EE6F1A /* main.m */; };
		4AD364B21AAF5FD900EE6F1A /* AppDelegate.m in Sources */ = {isa = PBXBuildFile; fileRef = 4AD364B11AAF5FD900EE6F1A /* AppDelegate.m */; };
		4AD364BA1AAF5FD900EE6F1A /* Images.xcassets in Resources */ = {isa = PBXBuildFile; fileRef = 4AD364B91AAF5FD900EE6F1A /* Images.xcassets */; };
		4AD364E11AAF60B600EE6F1A /* NavigationController.m in Sources */ = {isa = PBXBuildFile; fileRef = 4AD364E01AAF60B600EE6F1A /* NavigationController.m */; };
		4AF13A5C1BF3BFD70037B073 /* LGButton.m in Sources */ = {isa = PBXBuildFile; fileRef = 4AF13A481BF3BFD70037B073 /* LGButton.m */; };
		4AF13A5D1BF3BFD70037B073 /* LGLabel.m in Sources */ = {isa = PBXBuildFile; fileRef = 4AF13A4B1BF3BFD70037B073 /* LGLabel.m */; };
		4AF13A5F1BF3BFD70037B073 /* LGRadioButtonsView.m in Sources */ = {isa = PBXBuildFile; fileRef = 4AF13A501BF3BFD70037B073 /* LGRadioButtonsView.m */; };
		4AF13A601BF3BFD70037B073 /* LGTextField.m in Sources */ = {isa = PBXBuildFile; fileRef = 4AF13A531BF3BFD70037B073 /* LGTextField.m */; };
		4AF13A611BF3BFD70037B073 /* LGTextFieldDelegateObject.m in Sources */ = {isa = PBXBuildFile; fileRef = 4AF13A551BF3BFD70037B073 /* LGTextFieldDelegateObject.m */; };
		4AF13A621BF3BFD70037B073 /* LGTextView.m in Sources */ = {isa = PBXBuildFile; fileRef = 4AF13A581BF3BFD70037B073 /* LGTextView.m */; };
		4AF13A631BF3BFD70037B073 /* LGTextViewDelegateObject.m in Sources */ = {isa = PBXBuildFile; fileRef = 4AF13A5A1BF3BFD70037B073 /* LGTextViewDelegateObject.m */; };
		4AF13A671BF3C0670037B073 /* RadioButtonsViewController.m in Sources */ = {isa = PBXBuildFile; fileRef = 4AF13A661BF3C0670037B073 /* RadioButtonsViewController.m */; };
/* End PBXBuildFile section */

/* Begin PBXFileReference section */
		4A2C41791BF4B59900D071CD /* LGRadioButton.h */ = {isa = PBXFileReference; fileEncoding = 4; lastKnownFileType = sourcecode.c.h; path = LGRadioButton.h; sourceTree = "<group>"; };
		4A2C417A1BF4B59900D071CD /* LGRadioButton.m */ = {isa = PBXFileReference; fileEncoding = 4; lastKnownFileType = sourcecode.c.objc; path = LGRadioButton.m; sourceTree = "<group>"; };
		4A3AAE8E1AB48A47009B324D /* TableViewController.h */ = {isa = PBXFileReference; fileEncoding = 4; lastKnownFileType = sourcecode.c.h; path = TableViewController.h; sourceTree = "<group>"; };
		4A3AAE8F1AB48A47009B324D /* TableViewController.m */ = {isa = PBXFileReference; fileEncoding = 4; lastKnownFileType = sourcecode.c.objc; path = TableViewController.m; sourceTree = "<group>"; };
		4A3AAE921AB48AF8009B324D /* ButtonViewController.h */ = {isa = PBXFileReference; fileEncoding = 4; lastKnownFileType = sourcecode.c.h; path = ButtonViewController.h; sourceTree = "<group>"; };
		4A3AAE931AB48AF8009B324D /* ButtonViewController.m */ = {isa = PBXFileReference; fileEncoding = 4; lastKnownFileType = sourcecode.c.objc; path = ButtonViewController.m; sourceTree = "<group>"; };
		4A3AAE951AB48B08009B324D /* LabelViewController.h */ = {isa = PBXFileReference; fileEncoding = 4; lastKnownFileType = sourcecode.c.h; path = LabelViewController.h; sourceTree = "<group>"; };
		4A3AAE961AB48B08009B324D /* LabelViewController.m */ = {isa = PBXFileReference; fileEncoding = 4; lastKnownFileType = sourcecode.c.objc; path = LabelViewController.m; sourceTree = "<group>"; };
		4A563DFE1AB59A16008AF4CF /* TextFieldViewController.h */ = {isa = PBXFileReference; fileEncoding = 4; lastKnownFileType = sourcecode.c.h; path = TextFieldViewController.h; sourceTree = "<group>"; };
		4A563DFF1AB59A16008AF4CF /* TextFieldViewController.m */ = {isa = PBXFileReference; fileEncoding = 4; lastKnownFileType = sourcecode.c.objc; path = TextFieldViewController.m; sourceTree = "<group>"; };
		4A7091D01AC1AEA000285594 /* TextViewViewController.h */ = {isa = PBXFileReference; fileEncoding = 4; lastKnownFileType = sourcecode.c.h; path = TextViewViewController.h; sourceTree = "<group>"; };
		4A7091D11AC1AEA000285594 /* TextViewViewController.m */ = {isa = PBXFileReference; fileEncoding = 4; lastKnownFileType = sourcecode.c.objc; path = TextViewViewController.m; sourceTree = "<group>"; };
		4AD364A91AAF5FD900EE6F1A /* LGViewsDemo.app */ = {isa = PBXFileReference; explicitFileType = wrapper.application; includeInIndex = 0; path = LGViewsDemo.app; sourceTree = BUILT_PRODUCTS_DIR; };
		4AD364AD1AAF5FD900EE6F1A /* Info.plist */ = {isa = PBXFileReference; lastKnownFileType = text.plist.xml; path = Info.plist; sourceTree = "<group>"; };
		4AD364AE1AAF5FD900EE6F1A /* main.m */ = {isa = PBXFileReference; lastKnownFileType = sourcecode.c.objc; path = main.m; sourceTree = "<group>"; };
		4AD364B01AAF5FD900EE6F1A /* AppDelegate.h */ = {isa = PBXFileReference; lastKnownFileType = sourcecode.c.h; path = AppDelegate.h; sourceTree = "<group>"; };
		4AD364B11AAF5FD900EE6F1A /* AppDelegate.m */ = {isa = PBXFileReference; lastKnownFileType = sourcecode.c.objc; path = AppDelegate.m; sourceTree = "<group>"; };
		4AD364B91AAF5FD900EE6F1A /* Images.xcassets */ = {isa = PBXFileReference; lastKnownFileType = folder.assetcatalog; path = Images.xcassets; sourceTree = "<group>"; };
		4AD364DF1AAF60B600EE6F1A /* NavigationController.h */ = {isa = PBXFileReference; fileEncoding = 4; lastKnownFileType = sourcecode.c.h; path = NavigationController.h; sourceTree = "<group>"; };
		4AD364E01AAF60B600EE6F1A /* NavigationController.m */ = {isa = PBXFileReference; fileEncoding = 4; lastKnownFileType = sourcecode.c.objc; path = NavigationController.m; sourceTree = "<group>"; };
		4AF13A471BF3BFD70037B073 /* LGButton.h */ = {isa = PBXFileReference; fileEncoding = 4; lastKnownFileType = sourcecode.c.h; path = LGButton.h; sourceTree = "<group>"; };
		4AF13A481BF3BFD70037B073 /* LGButton.m */ = {isa = PBXFileReference; fileEncoding = 4; lastKnownFileType = sourcecode.c.objc; path = LGButton.m; sourceTree = "<group>"; };
		4AF13A4A1BF3BFD70037B073 /* LGLabel.h */ = {isa = PBXFileReference; fileEncoding = 4; lastKnownFileType = sourcecode.c.h; path = LGLabel.h; sourceTree = "<group>"; };
		4AF13A4B1BF3BFD70037B073 /* LGLabel.m */ = {isa = PBXFileReference; fileEncoding = 4; lastKnownFileType = sourcecode.c.objc; path = LGLabel.m; sourceTree = "<group>"; };
		4AF13A4F1BF3BFD70037B073 /* LGRadioButtonsView.h */ = {isa = PBXFileReference; fileEncoding = 4; lastKnownFileType = sourcecode.c.h; path = LGRadioButtonsView.h; sourceTree = "<group>"; };
		4AF13A501BF3BFD70037B073 /* LGRadioButtonsView.m */ = {isa = PBXFileReference; fileEncoding = 4; lastKnownFileType = sourcecode.c.objc; path = LGRadioButtonsView.m; sourceTree = "<group>"; };
		4AF13A521BF3BFD70037B073 /* LGTextField.h */ = {isa = PBXFileReference; fileEncoding = 4; lastKnownFileType = sourcecode.c.h; path = LGTextField.h; sourceTree = "<group>"; };
		4AF13A531BF3BFD70037B073 /* LGTextField.m */ = {isa = PBXFileReference; fileEncoding = 4; lastKnownFileType = sourcecode.c.objc; path = LGTextField.m; sourceTree = "<group>"; };
		4AF13A541BF3BFD70037B073 /* LGTextFieldDelegateObject.h */ = {isa = PBXFileReference; fileEncoding = 4; lastKnownFileType = sourcecode.c.h; path = LGTextFieldDelegateObject.h; sourceTree = "<group>"; };
		4AF13A551BF3BFD70037B073 /* LGTextFieldDelegateObject.m */ = {isa = PBXFileReference; fileEncoding = 4; lastKnownFileType = sourcecode.c.objc; path = LGTextFieldDelegateObject.m; sourceTree = "<group>"; };
		4AF13A571BF3BFD70037B073 /* LGTextView.h */ = {isa = PBXFileReference; fileEncoding = 4; lastKnownFileType = sourcecode.c.h; path = LGTextView.h; sourceTree = "<group>"; };
		4AF13A581BF3BFD70037B073 /* LGTextView.m */ = {isa = PBXFileReference; fileEncoding = 4; lastKnownFileType = sourcecode.c.objc; path = LGTextView.m; sourceTree = "<group>"; };
		4AF13A591BF3BFD70037B073 /* LGTextViewDelegateObject.h */ = {isa = PBXFileReference; fileEncoding = 4; lastKnownFileType = sourcecode.c.h; path = LGTextViewDelegateObject.h; sourceTree = "<group>"; };
		4AF13A5A1BF3BFD70037B073 /* LGTextViewDelegateObject.m */ = {isa = PBXFileReference; fileEncoding = 4; lastKnownFileType = sourcecode.c.objc; path = LGTextViewDelegateObject.m; sourceTree = "<group>"; };
		4AF13A5B1BF3BFD70037B073 /* LGViews.h */ = {isa = PBXFileReference; fileEncoding = 4; lastKnownFileType = sourcecode.c.h; path = LGViews.h; sourceTree = "<group>"; };
		4AF13A651BF3C0670037B073 /* RadioButtonsViewController.h */ = {isa = PBXFileReference; fileEncoding = 4; lastKnownFileType = sourcecode.c.h; path = RadioButtonsViewController.h; sourceTree = "<group>"; };
		4AF13A661BF3C0670037B073 /* RadioButtonsViewController.m */ = {isa = PBXFileReference; fileEncoding = 4; lastKnownFileType = sourcecode.c.objc; path = RadioButtonsViewController.m; sourceTree = "<group>"; };
/* End PBXFileReference section */

/* Begin PBXFrameworksBuildPhase section */
		4AD364A61AAF5FD900EE6F1A /* Frameworks */ = {
			isa = PBXFrameworksBuildPhase;
			buildActionMask = 2147483647;
			files = (
			);
			runOnlyForDeploymentPostprocessing = 0;
		};
/* End PBXFrameworksBuildPhase section */

/* Begin PBXGroup section */
		4A3AAE981AB48B0B009B324D /* LGButton */ = {
			isa = PBXGroup;
			children = (
				4A3AAE921AB48AF8009B324D /* ButtonViewController.h */,
				4A3AAE931AB48AF8009B324D /* ButtonViewController.m */,
			);
			name = LGButton;
			sourceTree = "<group>";
		};
		4A3AAE991AB48B15009B324D /* LGLabel */ = {
			isa = PBXGroup;
			children = (
				4A3AAE951AB48B08009B324D /* LabelViewController.h */,
				4A3AAE961AB48B08009B324D /* LabelViewController.m */,
			);
			name = LGLabel;
			sourceTree = "<group>";
		};
		4A3BF8571AB5E2510069AD6B /* LGTextView */ = {
			isa = PBXGroup;
			children = (
				4A7091D01AC1AEA000285594 /* TextViewViewController.h */,
				4A7091D11AC1AEA000285594 /* TextViewViewController.m */,
			);
			name = LGTextView;
			sourceTree = "<group>";
		};
		4A563DFD1AB599EF008AF4CF /* LGTextField */ = {
			isa = PBXGroup;
			children = (
				4A563DFE1AB59A16008AF4CF /* TextFieldViewController.h */,
				4A563DFF1AB59A16008AF4CF /* TextFieldViewController.m */,
			);
			name = LGTextField;
			sourceTree = "<group>";
		};
		4AD364A01AAF5FD900EE6F1A = {
			isa = PBXGroup;
			children = (
				4AF13A451BF3BFD70037B073 /* LGViews */,
				4AD364AB1AAF5FD900EE6F1A /* LGViewsDemo */,
				4AD364AA1AAF5FD900EE6F1A /* Products */,
				8F1072B7A1E5BE000036031D /* Frameworks */,
			);
			sourceTree = "<group>";
		};
		4AD364AA1AAF5FD900EE6F1A /* Products */ = {
			isa = PBXGroup;
			children = (
				4AD364A91AAF5FD900EE6F1A /* LGViewsDemo.app */,
			);
			name = Products;
			sourceTree = "<group>";
		};
		4AD364AB1AAF5FD900EE6F1A /* LGViewsDemo */ = {
			isa = PBXGroup;
			children = (
				4AD364B01AAF5FD900EE6F1A /* AppDelegate.h */,
				4AD364B11AAF5FD900EE6F1A /* AppDelegate.m */,
				4AD364DF1AAF60B600EE6F1A /* NavigationController.h */,
				4AD364E01AAF60B600EE6F1A /* NavigationController.m */,
				4A3AAE8E1AB48A47009B324D /* TableViewController.h */,
				4A3AAE8F1AB48A47009B324D /* TableViewController.m */,
				4A3AAE981AB48B0B009B324D /* LGButton */,
				4A3AAE991AB48B15009B324D /* LGLabel */,
				4A563DFD1AB599EF008AF4CF /* LGTextField */,
				4A3BF8571AB5E2510069AD6B /* LGTextView */,
				4AF13A641BF3C04E0037B073 /* LGRadioButtonsView */,
				4AD364B91AAF5FD900EE6F1A /* Images.xcassets */,
				4AD364AC1AAF5FD900EE6F1A /* Supporting Files */,
			);
			path = LGViewsDemo;
			sourceTree = "<group>";
		};
		4AD364AC1AAF5FD900EE6F1A /* Supporting Files */ = {
			isa = PBXGroup;
			children = (
				4AD364AD1AAF5FD900EE6F1A /* Info.plist */,
				4AD364AE1AAF5FD900EE6F1A /* main.m */,
			);
			name = "Supporting Files";
			sourceTree = "<group>";
		};
		4AF13A451BF3BFD70037B073 /* LGViews */ = {
			isa = PBXGroup;
			children = (
				4AF13A461BF3BFD70037B073 /* LGButton */,
				4AF13A491BF3BFD70037B073 /* LGLabel */,
				4AF13A4C1BF3BFD70037B073 /* LGRadioButtonsView */,
				4AF13A511BF3BFD70037B073 /* LGTextField */,
				4AF13A561BF3BFD70037B073 /* LGTextView */,
				4AF13A5B1BF3BFD70037B073 /* LGViews.h */,
			);
			name = LGViews;
			path = ../LGViews;
			sourceTree = "<group>";
		};
		4AF13A461BF3BFD70037B073 /* LGButton */ = {
			isa = PBXGroup;
			children = (
				4AF13A471BF3BFD70037B073 /* LGButton.h */,
				4AF13A481BF3BFD70037B073 /* LGButton.m */,
			);
			path = LGButton;
			sourceTree = "<group>";
		};
		4AF13A491BF3BFD70037B073 /* LGLabel */ = {
			isa = PBXGroup;
			children = (
				4AF13A4A1BF3BFD70037B073 /* LGLabel.h */,
				4AF13A4B1BF3BFD70037B073 /* LGLabel.m */,
			);
			path = LGLabel;
			sourceTree = "<group>";
		};
		4AF13A4C1BF3BFD70037B073 /* LGRadioButtonsView */ = {
			isa = PBXGroup;
			children = (
				4AF13A4F1BF3BFD70037B073 /* LGRadioButtonsView.h */,
				4AF13A501BF3BFD70037B073 /* LGRadioButtonsView.m */,
				4A2C41791BF4B59900D071CD /* LGRadioButton.h */,
				4A2C417A1BF4B59900D071CD /* LGRadioButton.m */,
			);
			path = LGRadioButtonsView;
			sourceTree = "<group>";
		};
		4AF13A511BF3BFD70037B073 /* LGTextField */ = {
			isa = PBXGroup;
			children = (
				4AF13A521BF3BFD70037B073 /* LGTextField.h */,
				4AF13A531BF3BFD70037B073 /* LGTextField.m */,
				4AF13A541BF3BFD70037B073 /* LGTextFieldDelegateObject.h */,
				4AF13A551BF3BFD70037B073 /* LGTextFieldDelegateObject.m */,
			);
			path = LGTextField;
			sourceTree = "<group>";
		};
		4AF13A561BF3BFD70037B073 /* LGTextView */ = {
			isa = PBXGroup;
			children = (
				4AF13A571BF3BFD70037B073 /* LGTextView.h */,
				4AF13A581BF3BFD70037B073 /* LGTextView.m */,
				4AF13A591BF3BFD70037B073 /* LGTextViewDelegateObject.h */,
				4AF13A5A1BF3BFD70037B073 /* LGTextViewDelegateObject.m */,
			);
			path = LGTextView;
			sourceTree = "<group>";
		};
		4AF13A641BF3C04E0037B073 /* LGRadioButtonsView */ = {
			isa = PBXGroup;
			children = (
				4AF13A651BF3C0670037B073 /* RadioButtonsViewController.h */,
				4AF13A661BF3C0670037B073 /* RadioButtonsViewController.m */,
			);
			name = LGRadioButtonsView;
			sourceTree = "<group>";
		};
		8F1072B7A1E5BE000036031D /* Frameworks */ = {
			isa = PBXGroup;
			children = (
			);
			name = Frameworks;
			sourceTree = "<group>";
		};
/* End PBXGroup section */

/* Begin PBXNativeTarget section */
		4AD364A81AAF5FD900EE6F1A /* LGViewsDemo */ = {
			isa = PBXNativeTarget;
			buildConfigurationList = 4AD364CC1AAF5FD900EE6F1A /* Build configuration list for PBXNativeTarget "LGViewsDemo" */;
			buildPhases = (
				4AD364A51AAF5FD900EE6F1A /* Sources */,
				4AD364A61AAF5FD900EE6F1A /* Frameworks */,
				4AD364A71AAF5FD900EE6F1A /* Resources */,
			);
			buildRules = (
			);
			dependencies = (
			);
			name = LGViewsDemo;
			productName = LGViewsDemo;
			productReference = 4AD364A91AAF5FD900EE6F1A /* LGViewsDemo.app */;
			productType = "com.apple.product-type.application";
		};
/* End PBXNativeTarget section */

/* Begin PBXProject section */
		4AD364A11AAF5FD900EE6F1A /* Project object */ = {
			isa = PBXProject;
			attributes = {
				LastUpgradeCheck = 0710;
				ORGANIZATIONNAME = "Grigory Lutkov";
				TargetAttributes = {
					4AD364A81AAF5FD900EE6F1A = {
						CreatedOnToolsVersion = 6.2;
					};
				};
			};
			buildConfigurationList = 4AD364A41AAF5FD900EE6F1A /* Build configuration list for PBXProject "LGViewsDemo" */;
			compatibilityVersion = "Xcode 3.2";
			developmentRegion = English;
			hasScannedForEncodings = 0;
			knownRegions = (
				en,
				Base,
			);
			mainGroup = 4AD364A01AAF5FD900EE6F1A;
			productRefGroup = 4AD364AA1AAF5FD900EE6F1A /* Products */;
			projectDirPath = "";
			projectRoot = "";
			targets = (
				4AD364A81AAF5FD900EE6F1A /* LGViewsDemo */,
			);
		};
/* End PBXProject section */

/* Begin PBXResourcesBuildPhase section */
		4AD364A71AAF5FD900EE6F1A /* Resources */ = {
			isa = PBXResourcesBuildPhase;
			buildActionMask = 2147483647;
			files = (
				4AD364BA1AAF5FD900EE6F1A /* Images.xcassets in Resources */,
			);
			runOnlyForDeploymentPostprocessing = 0;
		};
/* End PBXResourcesBuildPhase section */

/* Begin PBXSourcesBuildPhase section */
		4AD364A51AAF5FD900EE6F1A /* Sources */ = {
			isa = PBXSourcesBuildPhase;
			buildActionMask = 2147483647;
			files = (
				4AF13A621BF3BFD70037B073 /* LGTextView.m in Sources */,
				4AF13A611BF3BFD70037B073 /* LGTextFieldDelegateObject.m in Sources */,
				4A3AAE971AB48B08009B324D /* LabelViewController.m in Sources */,
				4AF13A601BF3BFD70037B073 /* LGTextField.m in Sources */,
				4AF13A671BF3C0670037B073 /* RadioButtonsViewController.m in Sources */,
				4AD364E11AAF60B600EE6F1A /* NavigationController.m in Sources */,
				4A3AAE941AB48AF8009B324D /* ButtonViewController.m in Sources */,
				4AF13A5F1BF3BFD70037B073 /* LGRadioButtonsView.m in Sources */,
				4AD364B21AAF5FD900EE6F1A /* AppDelegate.m in Sources */,
				4A2C417B1BF4B59900D071CD /* LGRadioButton.m in Sources */,
				4AD364AF1AAF5FD900EE6F1A /* main.m in Sources */,
				4AF13A631BF3BFD70037B073 /* LGTextViewDelegateObject.m in Sources */,
				4AF13A5D1BF3BFD70037B073 /* LGLabel.m in Sources */,
				4AF13A5C1BF3BFD70037B073 /* LGButton.m in Sources */,
				4A563E001AB59A16008AF4CF /* TextFieldViewController.m in Sources */,
				4A7091D21AC1AEA000285594 /* TextViewViewController.m in Sources */,
				4A3AAE901AB48A47009B324D /* TableViewController.m in Sources */,
			);
			runOnlyForDeploymentPostprocessing = 0;
		};
/* End PBXSourcesBuildPhase section */

/* Begin XCBuildConfiguration section */
		4AD364CA1AAF5FD900EE6F1A /* Debug */ = {
			isa = XCBuildConfiguration;
			buildSettings = {
				ALWAYS_SEARCH_USER_PATHS = NO;
				CLANG_CXX_LANGUAGE_STANDARD = "gnu++0x";
				CLANG_CXX_LIBRARY = "libc++";
				CLANG_ENABLE_MODULES = YES;
				CLANG_ENABLE_OBJC_ARC = YES;
				CLANG_WARN_BOOL_CONVERSION = YES;
				CLANG_WARN_CONSTANT_CONVERSION = YES;
				CLANG_WARN_DIRECT_OBJC_ISA_USAGE = YES_ERROR;
				CLANG_WARN_EMPTY_BODY = YES;
				CLANG_WARN_ENUM_CONVERSION = YES;
				CLANG_WARN_INT_CONVERSION = YES;
				CLANG_WARN_OBJC_ROOT_CLASS = YES_ERROR;
				CLANG_WARN_UNREACHABLE_CODE = YES;
				CLANG_WARN__DUPLICATE_METHOD_MATCH = YES;
				"CODE_SIGN_IDENTITY[sdk=iphoneos*]" = "iPhone Developer";
				COPY_PHASE_STRIP = NO;
				ENABLE_STRICT_OBJC_MSGSEND = YES;
				ENABLE_TESTABILITY = YES;
				GCC_C_LANGUAGE_STANDARD = gnu99;
				GCC_DYNAMIC_NO_PIC = NO;
				GCC_OPTIMIZATION_LEVEL = 0;
				GCC_PREPROCESSOR_DEFINITIONS = (
					"DEBUG=1",
					"$(inherited)",
				);
				GCC_SYMBOLS_PRIVATE_EXTERN = NO;
				GCC_WARN_64_TO_32_BIT_CONVERSION = YES;
				GCC_WARN_ABOUT_RETURN_TYPE = YES_ERROR;
				GCC_WARN_UNDECLARED_SELECTOR = YES;
				GCC_WARN_UNINITIALIZED_AUTOS = YES_AGGRESSIVE;
				GCC_WARN_UNUSED_FUNCTION = YES;
				GCC_WARN_UNUSED_VARIABLE = YES;
				IPHONEOS_DEPLOYMENT_TARGET = 6.0;
				MTL_ENABLE_DEBUG_INFO = YES;
				ONLY_ACTIVE_ARCH = YES;
				SDKROOT = iphoneos;
				TARGETED_DEVICE_FAMILY = "1,2";
			};
			name = Debug;
		};
		4AD364CB1AAF5FD900EE6F1A /* Release */ = {
			isa = XCBuildConfiguration;
			buildSettings = {
				ALWAYS_SEARCH_USER_PATHS = NO;
				CLANG_CXX_LANGUAGE_STANDARD = "gnu++0x";
				CLANG_CXX_LIBRARY = "libc++";
				CLANG_ENABLE_MODULES = YES;
				CLANG_ENABLE_OBJC_ARC = YES;
				CLANG_WARN_BOOL_CONVERSION = YES;
				CLANG_WARN_CONSTANT_CONVERSION = YES;
				CLANG_WARN_DIRECT_OBJC_ISA_USAGE = YES_ERROR;
				CLANG_WARN_EMPTY_BODY = YES;
				CLANG_WARN_ENUM_CONVERSION = YES;
				CLANG_WARN_INT_CONVERSION = YES;
				CLANG_WARN_OBJC_ROOT_CLASS = YES_ERROR;
				CLANG_WARN_UNREACHABLE_CODE = YES;
				CLANG_WARN__DUPLICATE_METHOD_MATCH = YES;
				"CODE_SIGN_IDENTITY[sdk=iphoneos*]" = "iPhone Developer";
				COPY_PHASE_STRIP = NO;
				ENABLE_NS_ASSERTIONS = NO;
				ENABLE_STRICT_OBJC_MSGSEND = YES;
				GCC_C_LANGUAGE_STANDARD = gnu99;
				GCC_WARN_64_TO_32_BIT_CONVERSION = YES;
				GCC_WARN_ABOUT_RETURN_TYPE = YES_ERROR;
				GCC_WARN_UNDECLARED_SELECTOR = YES;
				GCC_WARN_UNINITIALIZED_AUTOS = YES_AGGRESSIVE;
				GCC_WARN_UNUSED_FUNCTION = YES;
				GCC_WARN_UNUSED_VARIABLE = YES;
				IPHONEOS_DEPLOYMENT_TARGET = 6.0;
				MTL_ENABLE_DEBUG_INFO = NO;
				SDKROOT = iphoneos;
				TARGETED_DEVICE_FAMILY = "1,2";
				VALIDATE_PRODUCT = YES;
			};
			name = Release;
		};
		4AD364CD1AAF5FD900EE6F1A /* Debug */ = {
			isa = XCBuildConfiguration;
			buildSettings = {
				ASSETCATALOG_COMPILER_APPICON_NAME = AppIcon;
				ASSETCATALOG_COMPILER_LAUNCHIMAGE_NAME = LaunchImage;
				CODE_SIGN_IDENTITY = "iPhone Developer";
				INFOPLIST_FILE = LGViewsDemo/Info.plist;
				IPHONEOS_DEPLOYMENT_TARGET = 6.0;
				LD_RUNPATH_SEARCH_PATHS = "$(inherited) @executable_path/Frameworks";
				PRODUCT_BUNDLE_IDENTIFIER = "com.test.$(PRODUCT_NAME)";
				PRODUCT_NAME = "$(TARGET_NAME)";
			};
			name = Debug;
		};
		4AD364CE1AAF5FD900EE6F1A /* Release */ = {
			isa = XCBuildConfiguration;
			buildSettings = {
				ASSETCATALOG_COMPILER_APPICON_NAME = AppIcon;
				ASSETCATALOG_COMPILER_LAUNCHIMAGE_NAME = LaunchImage;
				CODE_SIGN_IDENTITY = "iPhone Developer";
				INFOPLIST_FILE = LGViewsDemo/Info.plist;
				IPHONEOS_DEPLOYMENT_TARGET = 6.0;
				LD_RUNPATH_SEARCH_PATHS = "$(inherited) @executable_path/Frameworks";
				PRODUCT_BUNDLE_IDENTIFIER = "com.test.$(PRODUCT_NAME)";
				PRODUCT_NAME = "$(TARGET_NAME)";
			};
			name = Release;
		};
/* End XCBuildConfiguration section */

/* Begin XCConfigurationList section */
		4AD364A41AAF5FD900EE6F1A /* Build configuration list for PBXProject "LGViewsDemo" */ = {
			isa = XCConfigurationList;
			buildConfigurations = (
				4AD364CA1AAF5FD900EE6F1A /* Debug */,
				4AD364CB1AAF5FD900EE6F1A /* Release */,
			);
			defaultConfigurationIsVisible = 0;
			defaultConfigurationName = Release;
		};
		4AD364CC1AAF5FD900EE6F1A /* Build configuration list for PBXNativeTarget "LGViewsDemo" */ = {
			isa = XCConfigurationList;
			buildConfigurations = (
				4AD364CD1AAF5FD900EE6F1A /* Debug */,
				4AD364CE1AAF5FD900EE6F1A /* Release */,
			);
			defaultConfigurationIsVisible = 0;
			defaultConfigurationName = Release;
		};
/* End XCConfigurationList section */
	};
	rootObject = 4AD364A11AAF5FD900EE6F1A /* Project object */;
}
